
Microsoft Visual Studio Solution File, Format Version 12.00
# Visual Studio 15
VisualStudioVersion = 15.0.28307.705
MinimumVisualStudioVersion = 10.0.40219.1
Project("{FAE04EC0-301F-11D3-BF4B-00C04F79EFBC}") = "PL_Ioet", "ExerciseIoeT\PL_Ioet.csproj", "{FD9862B4-52D0-441A-AED2-54EEC47D2DBC}"
EndProject
Project("{FAE04EC0-301F-11D3-BF4B-00C04F79EFBC}") = "AL_Ioet", "AL_Ioet\AL_Ioet.csproj", "{01ABAF9B-9ED4-46DD-BD78-348CBE9E2FD2}"
EndProject
Project("{FAE04EC0-301F-11D3-BF4B-00C04F79EFBC}") = "BL_Ioet", "BL_Ioet\BL_Ioet.csproj", "{02414ABF-39FD-4B78-8655-6604D65AFFDB}"
EndProject
Project("{FAE04EC0-301F-11D3-BF4B-00C04F79EFBC}") = "TestPayments", "TestPayments\TestPayments.csproj", "{1B76023B-A9AE-4AEF-83FE-24164E402C1C}"
EndProject
Global
	GlobalSection(SolutionConfigurationPlatforms) = preSolution
		Debug|Any CPU = Debug|Any CPU
		Release|Any CPU = Release|Any CPU
	EndGlobalSection
	GlobalSection(ProjectConfigurationPlatforms) = postSolution
		{FD9862B4-52D0-441A-AED2-54EEC47D2DBC}.Debug|Any CPU.ActiveCfg = Debug|Any CPU
		{FD9862B4-52D0-441A-AED2-54EEC47D2DBC}.Debug|Any CPU.Build.0 = Debug|Any CPU
		{FD9862B4-52D0-441A-AED2-54EEC47D2DBC}.Release|Any CPU.ActiveCfg = Release|Any CPU
		{FD9862B4-52D0-441A-AED2-54EEC47D2DBC}.Release|Any CPU.Build.0 = Release|Any CPU
		{01ABAF9B-9ED4-46DD-BD78-348CBE9E2FD2}.Debug|Any CPU.ActiveCfg = Debug|Any CPU
		{01ABAF9B-9ED4-46DD-BD78-348CBE9E2FD2}.Debug|Any CPU.Build.0 = Debug|Any CPU
		{01ABAF9B-9ED4-46DD-BD78-348CBE9E2FD2}.Release|Any CPU.ActiveCfg = Release|Any CPU
		{01ABAF9B-9ED4-46DD-BD78-348CBE9E2FD2}.Release|Any CPU.Build.0 = Release|Any CPU
		{02414ABF-39FD-4B78-8655-6604D65AFFDB}.Debug|Any CPU.ActiveCfg = Debug|Any CPU
		{02414ABF-39FD-4B78-8655-6604D65AFFDB}.Debug|Any CPU.Build.0 = Debug|Any CPU
		{02414ABF-39FD-4B78-8655-6604D65AFFDB}.Release|Any CPU.ActiveCfg = Release|Any CPU
		{02414ABF-39FD-4B78-8655-6604D65AFFDB}.Release|Any CPU.Build.0 = Release|Any CPU
		{1B76023B-A9AE-4AEF-83FE-24164E402C1C}.Debug|Any CPU.ActiveCfg = Debug|Any CPU
		{1B76023B-A9AE-4AEF-83FE-24164E402C1C}.Debug|Any CPU.Build.0 = Debug|Any CPU
		{1B76023B-A9AE-4AEF-83FE-24164E402C1C}.Release|Any CPU.ActiveCfg = Release|Any CPU
		{1B76023B-A9AE-4AEF-83FE-24164E402C1C}.Release|Any CPU.Build.0 = Release|Any CPU
	EndGlobalSection
	GlobalSection(SolutionProperties) = preSolution
		HideSolutionNode = FALSE
	EndGlobalSection
	GlobalSection(ExtensibilityGlobals) = postSolution
		SolutionGuid = {33E4F76C-03B2-4EB8-AC2D-2CD6A92828C9}
	EndGlobalSection
EndGlobal
